// !$*UTF8*$!
{
	archiveVersion = 1;
	classes = {
	};
	objectVersion = 56;
	objects = {

/* Begin PBXBuildFile section */
		F1F333122A8DF5B60055240C /* PlistProvider.swift in Sources */ = {isa = PBXBuildFile; fileRef = F1F333112A8DF5B60055240C /* PlistProvider.swift */; };
		F1F333142A8DF8040055240C /* MainViewController.swift in Sources */ = {isa = PBXBuildFile; fileRef = F1F333132A8DF8040055240C /* MainViewController.swift */; };
		FFD8F5862A89C6F500A1EFC4 /* AppDelegate.swift in Sources */ = {isa = PBXBuildFile; fileRef = FFD8F5852A89C6F500A1EFC4 /* AppDelegate.swift */; };
		FFD8F5882A89C6F500A1EFC4 /* SceneDelegate.swift in Sources */ = {isa = PBXBuildFile; fileRef = FFD8F5872A89C6F500A1EFC4 /* SceneDelegate.swift */; };
		FFD8F58A2A89C6F500A1EFC4 /* ViewController.swift in Sources */ = {isa = PBXBuildFile; fileRef = FFD8F5892A89C6F500A1EFC4 /* ViewController.swift */; };
		FFD8F58D2A89C6F500A1EFC4 /* Main.storyboard in Resources */ = {isa = PBXBuildFile; fileRef = FFD8F58B2A89C6F500A1EFC4 /* Main.storyboard */; };
		FFD8F58F2A89C6F700A1EFC4 /* Assets.xcassets in Resources */ = {isa = PBXBuildFile; fileRef = FFD8F58E2A89C6F700A1EFC4 /* Assets.xcassets */; };
		FFD8F5922A89C6F700A1EFC4 /* LaunchScreen.storyboard in Resources */ = {isa = PBXBuildFile; fileRef = FFD8F5902A89C6F700A1EFC4 /* LaunchScreen.storyboard */; };
		FFD8F59E2A89C93A00A1EFC4 /* Thread.swift in Sources */ = {isa = PBXBuildFile; fileRef = FFD8F59D2A89C93A00A1EFC4 /* Thread.swift */; };
		FFD8F5A02A89C99600A1EFC4 /* Profile.swift in Sources */ = {isa = PBXBuildFile; fileRef = FFD8F59F2A89C99600A1EFC4 /* Profile.swift */; };
		FFD8F5A22A89C9C500A1EFC4 /* Comment.swift in Sources */ = {isa = PBXBuildFile; fileRef = FFD8F5A12A89C9C500A1EFC4 /* Comment.swift */; };
		FFE4F2372A89FE8B00BCC86D /* Detail.storyboard in Resources */ = {isa = PBXBuildFile; fileRef = FFE4F2362A89FE8B00BCC86D /* Detail.storyboard */; };
		FFE4F2392A8A001600BCC86D /* Create.storyboard in Resources */ = {isa = PBXBuildFile; fileRef = FFE4F2382A8A001600BCC86D /* Create.storyboard */; };
		FFE4F23B2A8A009900BCC86D /* Profile.storyboard in Resources */ = {isa = PBXBuildFile; fileRef = FFE4F23A2A8A009900BCC86D /* Profile.storyboard */; };
		FFE4F23D2A8A011600BCC86D /* Home.storyboard in Resources */ = {isa = PBXBuildFile; fileRef = FFE4F23C2A8A011600BCC86D /* Home.storyboard */; };
		FFE4F23F2A8A0A2000BCC86D /* CreateViewController.swift in Sources */ = {isa = PBXBuildFile; fileRef = FFE4F23E2A8A0A2000BCC86D /* CreateViewController.swift */; };
		FFE4F2412A8A0DDD00BCC86D /* ProfileViewController.swift in Sources */ = {isa = PBXBuildFile; fileRef = FFE4F2402A8A0DDD00BCC86D /* ProfileViewController.swift */; };
		FFE4F2432A8A0DFE00BCC86D /* DetailViewController.swift in Sources */ = {isa = PBXBuildFile; fileRef = FFE4F2422A8A0DFE00BCC86D /* DetailViewController.swift */; };
		FFE4F2452A8A207D00BCC86D /* ThreadDataSingleton.swift in Sources */ = {isa = PBXBuildFile; fileRef = FFE4F2442A8A207D00BCC86D /* ThreadDataSingleton.swift */; };
		FFE4F2582A8C5F1200BCC86D /* MainCollectionViewController.swift in Sources */ = {isa = PBXBuildFile; fileRef = FFE4F2572A8C5F1200BCC86D /* MainCollectionViewController.swift */; };
		FFE4F25B2A8C601400BCC86D /* MainCollectionViewCell.xib in Resources */ = {isa = PBXBuildFile; fileRef = FFE4F2592A8C601400BCC86D /* MainCollectionViewCell.xib */; };
		FFE4F25C2A8C601400BCC86D /* MainViewController.storyboard in Resources */ = {isa = PBXBuildFile; fileRef = FFE4F25A2A8C601400BCC86D /* MainViewController.storyboard */; };
		FFE4F25E2A8C6A1700BCC86D /* ProfileStoryboard.storyboard in Resources */ = {isa = PBXBuildFile; fileRef = FFE4F25D2A8C6A1700BCC86D /* ProfileStoryboard.storyboard */; };
		FFE4F2612A8C6D2600BCC86D /* ProfilePageModal.swift in Sources */ = {isa = PBXBuildFile; fileRef = FFE4F25F2A8C6D2600BCC86D /* ProfilePageModal.swift */; };
		FFE4F2622A8C6D2600BCC86D /* ProfilePage.swift in Sources */ = {isa = PBXBuildFile; fileRef = FFE4F2602A8C6D2600BCC86D /* ProfilePage.swift */; };
/* End PBXBuildFile section */

/* Begin PBXFileReference section */
		F1F333112A8DF5B60055240C /* PlistProvider.swift */ = {isa = PBXFileReference; lastKnownFileType = sourcecode.swift; path = PlistProvider.swift; sourceTree = "<group>"; };
		F1F333132A8DF8040055240C /* MainViewController.swift */ = {isa = PBXFileReference; fileEncoding = 4; lastKnownFileType = sourcecode.swift; path = MainViewController.swift; sourceTree = "<group>"; };
		FFD8F5822A89C6F500A1EFC4 /* ThreadApp.app */ = {isa = PBXFileReference; explicitFileType = wrapper.application; includeInIndex = 0; path = ThreadApp.app; sourceTree = BUILT_PRODUCTS_DIR; };
		FFD8F5852A89C6F500A1EFC4 /* AppDelegate.swift */ = {isa = PBXFileReference; lastKnownFileType = sourcecode.swift; path = AppDelegate.swift; sourceTree = "<group>"; };
		FFD8F5872A89C6F500A1EFC4 /* SceneDelegate.swift */ = {isa = PBXFileReference; lastKnownFileType = sourcecode.swift; path = SceneDelegate.swift; sourceTree = "<group>"; };
		FFD8F5892A89C6F500A1EFC4 /* ViewController.swift */ = {isa = PBXFileReference; lastKnownFileType = sourcecode.swift; path = ViewController.swift; sourceTree = "<group>"; };
		FFD8F58C2A89C6F500A1EFC4 /* Base */ = {isa = PBXFileReference; lastKnownFileType = file.storyboard; name = Base; path = Base.lproj/Main.storyboard; sourceTree = "<group>"; };
		FFD8F58E2A89C6F700A1EFC4 /* Assets.xcassets */ = {isa = PBXFileReference; lastKnownFileType = folder.assetcatalog; path = Assets.xcassets; sourceTree = "<group>"; };
		FFD8F5912A89C6F700A1EFC4 /* Base */ = {isa = PBXFileReference; lastKnownFileType = file.storyboard; name = Base; path = Base.lproj/LaunchScreen.storyboard; sourceTree = "<group>"; };
		FFD8F5932A89C6F700A1EFC4 /* Info.plist */ = {isa = PBXFileReference; lastKnownFileType = text.plist.xml; path = Info.plist; sourceTree = "<group>"; };
		FFD8F59D2A89C93A00A1EFC4 /* Thread.swift */ = {isa = PBXFileReference; lastKnownFileType = sourcecode.swift; path = Thread.swift; sourceTree = "<group>"; };
		FFD8F59F2A89C99600A1EFC4 /* Profile.swift */ = {isa = PBXFileReference; lastKnownFileType = sourcecode.swift; path = Profile.swift; sourceTree = "<group>"; };
		FFD8F5A12A89C9C500A1EFC4 /* Comment.swift */ = {isa = PBXFileReference; lastKnownFileType = sourcecode.swift; path = Comment.swift; sourceTree = "<group>"; };
		FFE4F2362A89FE8B00BCC86D /* Detail.storyboard */ = {isa = PBXFileReference; lastKnownFileType = file.storyboard; path = Detail.storyboard; sourceTree = "<group>"; };
		FFE4F2382A8A001600BCC86D /* Create.storyboard */ = {isa = PBXFileReference; lastKnownFileType = file.storyboard; path = Create.storyboard; sourceTree = "<group>"; };
		FFE4F23A2A8A009900BCC86D /* Profile.storyboard */ = {isa = PBXFileReference; lastKnownFileType = file.storyboard; path = Profile.storyboard; sourceTree = "<group>"; };
		FFE4F23C2A8A011600BCC86D /* Home.storyboard */ = {isa = PBXFileReference; lastKnownFileType = file.storyboard; path = Home.storyboard; sourceTree = "<group>"; };
		FFE4F23E2A8A0A2000BCC86D /* CreateViewController.swift */ = {isa = PBXFileReference; lastKnownFileType = sourcecode.swift; path = CreateViewController.swift; sourceTree = "<group>"; };
		FFE4F2402A8A0DDD00BCC86D /* ProfileViewController.swift */ = {isa = PBXFileReference; lastKnownFileType = sourcecode.swift; path = ProfileViewController.swift; sourceTree = "<group>"; };
		FFE4F2422A8A0DFE00BCC86D /* DetailViewController.swift */ = {isa = PBXFileReference; lastKnownFileType = sourcecode.swift; path = DetailViewController.swift; sourceTree = "<group>"; };
		FFE4F2442A8A207D00BCC86D /* ThreadDataSingleton.swift */ = {isa = PBXFileReference; lastKnownFileType = sourcecode.swift; path = ThreadDataSingleton.swift; sourceTree = "<group>"; };
		FFE4F2572A8C5F1200BCC86D /* MainCollectionViewController.swift */ = {isa = PBXFileReference; lastKnownFileType = sourcecode.swift; path = MainCollectionViewController.swift; sourceTree = "<group>"; };
		FFE4F2592A8C601400BCC86D /* MainCollectionViewCell.xib */ = {isa = PBXFileReference; fileEncoding = 4; lastKnownFileType = file.xib; path = MainCollectionViewCell.xib; sourceTree = "<group>"; };
		FFE4F25A2A8C601400BCC86D /* MainViewController.storyboard */ = {isa = PBXFileReference; fileEncoding = 4; lastKnownFileType = file.storyboard; path = MainViewController.storyboard; sourceTree = "<group>"; };
		FFE4F25D2A8C6A1700BCC86D /* ProfileStoryboard.storyboard */ = {isa = PBXFileReference; fileEncoding = 4; lastKnownFileType = file.storyboard; path = ProfileStoryboard.storyboard; sourceTree = "<group>"; };
		FFE4F25F2A8C6D2600BCC86D /* ProfilePageModal.swift */ = {isa = PBXFileReference; fileEncoding = 4; lastKnownFileType = sourcecode.swift; path = ProfilePageModal.swift; sourceTree = "<group>"; };
		FFE4F2602A8C6D2600BCC86D /* ProfilePage.swift */ = {isa = PBXFileReference; fileEncoding = 4; lastKnownFileType = sourcecode.swift; path = ProfilePage.swift; sourceTree = "<group>"; };
/* End PBXFileReference section */

/* Begin PBXFrameworksBuildPhase section */
		FFD8F57F2A89C6F500A1EFC4 /* Frameworks */ = {
			isa = PBXFrameworksBuildPhase;
			buildActionMask = 2147483647;
			files = (
			);
			runOnlyForDeploymentPostprocessing = 0;
		};
/* End PBXFrameworksBuildPhase section */

/* Begin PBXGroup section */
		FFD8F5792A89C6F500A1EFC4 = {
			isa = PBXGroup;
			children = (
				FFD8F5842A89C6F500A1EFC4 /* ThreadApp */,
				FFD8F5832A89C6F500A1EFC4 /* Products */,
			);
			sourceTree = "<group>";
		};
		FFD8F5832A89C6F500A1EFC4 /* Products */ = {
			isa = PBXGroup;
			children = (
				FFD8F5822A89C6F500A1EFC4 /* ThreadApp.app */,
			);
			name = Products;
			sourceTree = "<group>";
		};
		FFD8F5842A89C6F500A1EFC4 /* ThreadApp */ = {
			isa = PBXGroup;
			children = (
				FFD8F59C2A89C8C200A1EFC4 /* App */,
				FFD8F59B2A89C8B000A1EFC4 /* Model */,
				FFD8F59A2A89C88600A1EFC4 /* ViewController */,
				FFD8F5992A89C84D00A1EFC4 /* resource */,
			);
			path = ThreadApp;
			sourceTree = "<group>";
		};
		FFD8F5992A89C84D00A1EFC4 /* resource */ = {
			isa = PBXGroup;
			children = (
				FFD8F5902A89C6F700A1EFC4 /* LaunchScreen.storyboard */,
				FFD8F58B2A89C6F500A1EFC4 /* Main.storyboard */,
				FFE4F23C2A8A011600BCC86D /* Home.storyboard */,
				FFE4F2382A8A001600BCC86D /* Create.storyboard */,
				FFE4F2362A89FE8B00BCC86D /* Detail.storyboard */,
				FFE4F23A2A8A009900BCC86D /* Profile.storyboard */,
				FFE4F25D2A8C6A1700BCC86D /* ProfileStoryboard.storyboard */,
				FFE4F2592A8C601400BCC86D /* MainCollectionViewCell.xib */,
				FFE4F25A2A8C601400BCC86D /* MainViewController.storyboard */,
				FFD8F5932A89C6F700A1EFC4 /* Info.plist */,
				FFD8F58E2A89C6F700A1EFC4 /* Assets.xcassets */,
			);
			path = resource;
			sourceTree = "<group>";
		};
		FFD8F59A2A89C88600A1EFC4 /* ViewController */ = {
			isa = PBXGroup;
			children = (
				F1F333132A8DF8040055240C /* MainViewController.swift */,
				FFD8F5892A89C6F500A1EFC4 /* ViewController.swift */,
				FFE4F2572A8C5F1200BCC86D /* MainCollectionViewController.swift */,
				FFE4F23E2A8A0A2000BCC86D /* CreateViewController.swift */,
				FFE4F2602A8C6D2600BCC86D /* ProfilePage.swift */,
				FFE4F25F2A8C6D2600BCC86D /* ProfilePageModal.swift */,
				FFE4F2422A8A0DFE00BCC86D /* DetailViewController.swift */,
				FFE4F2402A8A0DDD00BCC86D /* ProfileViewController.swift */,
			);
			path = ViewController;
			sourceTree = "<group>";
		};
		FFD8F59B2A89C8B000A1EFC4 /* Model */ = {
			isa = PBXGroup;
			children = (
				FFD8F5A12A89C9C500A1EFC4 /* Comment.swift */,
				FFD8F59F2A89C99600A1EFC4 /* Profile.swift */,
				FFD8F59D2A89C93A00A1EFC4 /* Thread.swift */,
				FFE4F2442A8A207D00BCC86D /* ThreadDataSingleton.swift */,
				F1F333112A8DF5B60055240C /* PlistProvider.swift */,
			);
			path = Model;
			sourceTree = "<group>";
		};
		FFD8F59C2A89C8C200A1EFC4 /* App */ = {
			isa = PBXGroup;
			children = (
				FFD8F5852A89C6F500A1EFC4 /* AppDelegate.swift */,
				FFD8F5872A89C6F500A1EFC4 /* SceneDelegate.swift */,
			);
			path = App;
			sourceTree = "<group>";
		};
/* End PBXGroup section */

/* Begin PBXNativeTarget section */
		FFD8F5812A89C6F500A1EFC4 /* ThreadApp */ = {
			isa = PBXNativeTarget;
			buildConfigurationList = FFD8F5962A89C6F700A1EFC4 /* Build configuration list for PBXNativeTarget "ThreadApp" */;
			buildPhases = (
				FFD8F57E2A89C6F500A1EFC4 /* Sources */,
				FFD8F57F2A89C6F500A1EFC4 /* Frameworks */,
				FFD8F5802A89C6F500A1EFC4 /* Resources */,
			);
			buildRules = (
			);
			dependencies = (
			);
			name = ThreadApp;
			productName = ThreadApp;
			productReference = FFD8F5822A89C6F500A1EFC4 /* ThreadApp.app */;
			productType = "com.apple.product-type.application";
		};
/* End PBXNativeTarget section */

/* Begin PBXProject section */
		FFD8F57A2A89C6F500A1EFC4 /* Project object */ = {
			isa = PBXProject;
			attributes = {
				BuildIndependentTargetsInParallel = 1;
				LastSwiftUpdateCheck = 1430;
				LastUpgradeCheck = 1430;
				TargetAttributes = {
					FFD8F5812A89C6F500A1EFC4 = {
						CreatedOnToolsVersion = 14.3.1;
					};
				};
			};
			buildConfigurationList = FFD8F57D2A89C6F500A1EFC4 /* Build configuration list for PBXProject "ThreadApp" */;
			compatibilityVersion = "Xcode 14.0";
			developmentRegion = en;
			hasScannedForEncodings = 0;
			knownRegions = (
				en,
				Base,
			);
			mainGroup = FFD8F5792A89C6F500A1EFC4;
			productRefGroup = FFD8F5832A89C6F500A1EFC4 /* Products */;
			projectDirPath = "";
			projectRoot = "";
			targets = (
				FFD8F5812A89C6F500A1EFC4 /* ThreadApp */,
			);
		};
/* End PBXProject section */

/* Begin PBXResourcesBuildPhase section */
		FFD8F5802A89C6F500A1EFC4 /* Resources */ = {
			isa = PBXResourcesBuildPhase;
			buildActionMask = 2147483647;
			files = (
				FFE4F23D2A8A011600BCC86D /* Home.storyboard in Resources */,
				FFE4F25C2A8C601400BCC86D /* MainViewController.storyboard in Resources */,
				FFE4F23B2A8A009900BCC86D /* Profile.storyboard in Resources */,
				FFE4F2392A8A001600BCC86D /* Create.storyboard in Resources */,
				FFD8F5922A89C6F700A1EFC4 /* LaunchScreen.storyboard in Resources */,
				FFD8F58F2A89C6F700A1EFC4 /* Assets.xcassets in Resources */,
				FFD8F58D2A89C6F500A1EFC4 /* Main.storyboard in Resources */,
				FFE4F2372A89FE8B00BCC86D /* Detail.storyboard in Resources */,
				FFE4F25B2A8C601400BCC86D /* MainCollectionViewCell.xib in Resources */,
				FFE4F25E2A8C6A1700BCC86D /* ProfileStoryboard.storyboard in Resources */,
			);
			runOnlyForDeploymentPostprocessing = 0;
		};
/* End PBXResourcesBuildPhase section */

/* Begin PBXSourcesBuildPhase section */
		FFD8F57E2A89C6F500A1EFC4 /* Sources */ = {
			isa = PBXSourcesBuildPhase;
			buildActionMask = 2147483647;
			files = (
				FFE4F2432A8A0DFE00BCC86D /* DetailViewController.swift in Sources */,
				FFE4F2612A8C6D2600BCC86D /* ProfilePageModal.swift in Sources */,
				FFE4F2582A8C5F1200BCC86D /* MainCollectionViewController.swift in Sources */,
				FFD8F58A2A89C6F500A1EFC4 /* ViewController.swift in Sources */,
				FFD8F5A22A89C9C500A1EFC4 /* Comment.swift in Sources */,
				FFE4F2452A8A207D00BCC86D /* ThreadDataSingleton.swift in Sources */,
				FFE4F23F2A8A0A2000BCC86D /* CreateViewController.swift in Sources */,
				FFD8F5A02A89C99600A1EFC4 /* Profile.swift in Sources */,
				FFD8F5862A89C6F500A1EFC4 /* AppDelegate.swift in Sources */,
				F1F333142A8DF8040055240C /* MainViewController.swift in Sources */,
				FFE4F2622A8C6D2600BCC86D /* ProfilePage.swift in Sources */,
				FFD8F5882A89C6F500A1EFC4 /* SceneDelegate.swift in Sources */,
				F1F333122A8DF5B60055240C /* PlistProvider.swift in Sources */,
				FFE4F2412A8A0DDD00BCC86D /* ProfileViewController.swift in Sources */,
				FFD8F59E2A89C93A00A1EFC4 /* Thread.swift in Sources */,
			);
			runOnlyForDeploymentPostprocessing = 0;
		};
/* End PBXSourcesBuildPhase section */

/* Begin PBXVariantGroup section */
		FFD8F58B2A89C6F500A1EFC4 /* Main.storyboard */ = {
			isa = PBXVariantGroup;
			children = (
				FFD8F58C2A89C6F500A1EFC4 /* Base */,
			);
			name = Main.storyboard;
			sourceTree = "<group>";
		};
		FFD8F5902A89C6F700A1EFC4 /* LaunchScreen.storyboard */ = {
			isa = PBXVariantGroup;
			children = (
				FFD8F5912A89C6F700A1EFC4 /* Base */,
			);
			name = LaunchScreen.storyboard;
			sourceTree = "<group>";
		};
/* End PBXVariantGroup section */

/* Begin XCBuildConfiguration section */
		FFD8F5942A89C6F700A1EFC4 /* Debug */ = {
			isa = XCBuildConfiguration;
			buildSettings = {
				ALWAYS_SEARCH_USER_PATHS = NO;
				CLANG_ANALYZER_NONNULL = YES;
				CLANG_ANALYZER_NUMBER_OBJECT_CONVERSION = YES_AGGRESSIVE;
				CLANG_CXX_LANGUAGE_STANDARD = "gnu++20";
				CLANG_ENABLE_MODULES = YES;
				CLANG_ENABLE_OBJC_ARC = YES;
				CLANG_ENABLE_OBJC_WEAK = YES;
				CLANG_WARN_BLOCK_CAPTURE_AUTORELEASING = YES;
				CLANG_WARN_BOOL_CONVERSION = YES;
				CLANG_WARN_COMMA = YES;
				CLANG_WARN_CONSTANT_CONVERSION = YES;
				CLANG_WARN_DEPRECATED_OBJC_IMPLEMENTATIONS = YES;
				CLANG_WARN_DIRECT_OBJC_ISA_USAGE = YES_ERROR;
				CLANG_WARN_DOCUMENTATION_COMMENTS = YES;
				CLANG_WARN_EMPTY_BODY = YES;
				CLANG_WARN_ENUM_CONVERSION = YES;
				CLANG_WARN_INFINITE_RECURSION = YES;
				CLANG_WARN_INT_CONVERSION = YES;
				CLANG_WARN_NON_LITERAL_NULL_CONVERSION = YES;
				CLANG_WARN_OBJC_IMPLICIT_RETAIN_SELF = YES;
				CLANG_WARN_OBJC_LITERAL_CONVERSION = YES;
				CLANG_WARN_OBJC_ROOT_CLASS = YES_ERROR;
				CLANG_WARN_QUOTED_INCLUDE_IN_FRAMEWORK_HEADER = YES;
				CLANG_WARN_RANGE_LOOP_ANALYSIS = YES;
				CLANG_WARN_STRICT_PROTOTYPES = YES;
				CLANG_WARN_SUSPICIOUS_MOVE = YES;
				CLANG_WARN_UNGUARDED_AVAILABILITY = YES_AGGRESSIVE;
				CLANG_WARN_UNREACHABLE_CODE = YES;
				CLANG_WARN__DUPLICATE_METHOD_MATCH = YES;
				COPY_PHASE_STRIP = NO;
				DEBUG_INFORMATION_FORMAT = dwarf;
				ENABLE_STRICT_OBJC_MSGSEND = YES;
				ENABLE_TESTABILITY = YES;
				GCC_C_LANGUAGE_STANDARD = gnu11;
				GCC_DYNAMIC_NO_PIC = NO;
				GCC_NO_COMMON_BLOCKS = YES;
				GCC_OPTIMIZATION_LEVEL = 0;
				GCC_PREPROCESSOR_DEFINITIONS = (
					"DEBUG=1",
					"$(inherited)",
				);
				GCC_WARN_64_TO_32_BIT_CONVERSION = YES;
				GCC_WARN_ABOUT_RETURN_TYPE = YES_ERROR;
				GCC_WARN_UNDECLARED_SELECTOR = YES;
				GCC_WARN_UNINITIALIZED_AUTOS = YES_AGGRESSIVE;
				GCC_WARN_UNUSED_FUNCTION = YES;
				GCC_WARN_UNUSED_VARIABLE = YES;
				IPHONEOS_DEPLOYMENT_TARGET = 16.4;
				MTL_ENABLE_DEBUG_INFO = INCLUDE_SOURCE;
				MTL_FAST_MATH = YES;
				ONLY_ACTIVE_ARCH = YES;
				SDKROOT = iphoneos;
				SWIFT_ACTIVE_COMPILATION_CONDITIONS = DEBUG;
				SWIFT_OPTIMIZATION_LEVEL = "-Onone";
			};
			name = Debug;
		};
		FFD8F5952A89C6F700A1EFC4 /* Release */ = {
			isa = XCBuildConfiguration;
			buildSettings = {
				ALWAYS_SEARCH_USER_PATHS = NO;
				CLANG_ANALYZER_NONNULL = YES;
				CLANG_ANALYZER_NUMBER_OBJECT_CONVERSION = YES_AGGRESSIVE;
				CLANG_CXX_LANGUAGE_STANDARD = "gnu++20";
				CLANG_ENABLE_MODULES = YES;
				CLANG_ENABLE_OBJC_ARC = YES;
				CLANG_ENABLE_OBJC_WEAK = YES;
				CLANG_WARN_BLOCK_CAPTURE_AUTORELEASING = YES;
				CLANG_WARN_BOOL_CONVERSION = YES;
				CLANG_WARN_COMMA = YES;
				CLANG_WARN_CONSTANT_CONVERSION = YES;
				CLANG_WARN_DEPRECATED_OBJC_IMPLEMENTATIONS = YES;
				CLANG_WARN_DIRECT_OBJC_ISA_USAGE = YES_ERROR;
				CLANG_WARN_DOCUMENTATION_COMMENTS = YES;
				CLANG_WARN_EMPTY_BODY = YES;
				CLANG_WARN_ENUM_CONVERSION = YES;
				CLANG_WARN_INFINITE_RECURSION = YES;
				CLANG_WARN_INT_CONVERSION = YES;
				CLANG_WARN_NON_LITERAL_NULL_CONVERSION = YES;
				CLANG_WARN_OBJC_IMPLICIT_RETAIN_SELF = YES;
				CLANG_WARN_OBJC_LITERAL_CONVERSION = YES;
				CLANG_WARN_OBJC_ROOT_CLASS = YES_ERROR;
				CLANG_WARN_QUOTED_INCLUDE_IN_FRAMEWORK_HEADER = YES;
				CLANG_WARN_RANGE_LOOP_ANALYSIS = YES;
				CLANG_WARN_STRICT_PROTOTYPES = YES;
				CLANG_WARN_SUSPICIOUS_MOVE = YES;
				CLANG_WARN_UNGUARDED_AVAILABILITY = YES_AGGRESSIVE;
				CLANG_WARN_UNREACHABLE_CODE = YES;
				CLANG_WARN__DUPLICATE_METHOD_MATCH = YES;
				COPY_PHASE_STRIP = NO;
				DEBUG_INFORMATION_FORMAT = "dwarf-with-dsym";
				ENABLE_NS_ASSERTIONS = NO;
				ENABLE_STRICT_OBJC_MSGSEND = YES;
				GCC_C_LANGUAGE_STANDARD = gnu11;
				GCC_NO_COMMON_BLOCKS = YES;
				GCC_WARN_64_TO_32_BIT_CONVERSION = YES;
				GCC_WARN_ABOUT_RETURN_TYPE = YES_ERROR;
				GCC_WARN_UNDECLARED_SELECTOR = YES;
				GCC_WARN_UNINITIALIZED_AUTOS = YES_AGGRESSIVE;
				GCC_WARN_UNUSED_FUNCTION = YES;
				GCC_WARN_UNUSED_VARIABLE = YES;
				IPHONEOS_DEPLOYMENT_TARGET = 16.4;
				MTL_ENABLE_DEBUG_INFO = NO;
				MTL_FAST_MATH = YES;
				SDKROOT = iphoneos;
				SWIFT_COMPILATION_MODE = wholemodule;
				SWIFT_OPTIMIZATION_LEVEL = "-O";
				VALIDATE_PRODUCT = YES;
			};
			name = Release;
		};
		FFD8F5972A89C6F700A1EFC4 /* Debug */ = {
			isa = XCBuildConfiguration;
			buildSettings = {
				ASSETCATALOG_COMPILER_APPICON_NAME = AppIcon;
				ASSETCATALOG_COMPILER_GLOBAL_ACCENT_COLOR_NAME = AccentColor;
				CODE_SIGN_STYLE = Automatic;
				CURRENT_PROJECT_VERSION = 1;
				GENERATE_INFOPLIST_FILE = YES;
				INFOPLIST_FILE = ThreadApp/resource/Info.plist;
				INFOPLIST_KEY_UIApplicationSupportsIndirectInputEvents = YES;
				INFOPLIST_KEY_UILaunchStoryboardName = LaunchScreen;
				INFOPLIST_KEY_UIMainStoryboardFile = Main;
				INFOPLIST_KEY_UISupportedInterfaceOrientations_iPad = "UIInterfaceOrientationPortrait UIInterfaceOrientationPortraitUpsideDown UIInterfaceOrientationLandscapeLeft UIInterfaceOrientationLandscapeRight";
				INFOPLIST_KEY_UISupportedInterfaceOrientations_iPhone = "UIInterfaceOrientationPortrait UIInterfaceOrientationLandscapeLeft UIInterfaceOrientationLandscapeRight";
				IPHONEOS_DEPLOYMENT_TARGET = 15.0;
				LD_RUNPATH_SEARCH_PATHS = (
					"$(inherited)",
					"@executable_path/Frameworks",
				);
				MARKETING_VERSION = 1.0;
				PRODUCT_BUNDLE_IDENTIFIER = com.cheshire0105.ThreadApp;
				PRODUCT_NAME = "$(TARGET_NAME)";
				SUPPORTED_PLATFORMS = "iphoneos iphonesimulator";
				SUPPORTS_MACCATALYST = NO;
				SUPPORTS_MAC_DESIGNED_FOR_IPHONE_IPAD = NO;
				SWIFT_EMIT_LOC_STRINGS = YES;
				SWIFT_VERSION = 5.0;
				TARGETED_DEVICE_FAMILY = 1;
			};
			name = Debug;
		};
		FFD8F5982A89C6F700A1EFC4 /* Release */ = {
			isa = XCBuildConfiguration;
			buildSettings = {
				ASSETCATALOG_COMPILER_APPICON_NAME = AppIcon;
				ASSETCATALOG_COMPILER_GLOBAL_ACCENT_COLOR_NAME = AccentColor;
				CODE_SIGN_STYLE = Automatic;
				CURRENT_PROJECT_VERSION = 1;
				GENERATE_INFOPLIST_FILE = YES;
				INFOPLIST_FILE = ThreadApp/resource/Info.plist;
				INFOPLIST_KEY_UIApplicationSupportsIndirectInputEvents = YES;
				INFOPLIST_KEY_UILaunchStoryboardName = LaunchScreen;
				INFOPLIST_KEY_UIMainStoryboardFile = Main;
				INFOPLIST_KEY_UISupportedInterfaceOrientations_iPad = "UIInterfaceOrientationPortrait UIInterfaceOrientationPortraitUpsideDown UIInterfaceOrientationLandscapeLeft UIInterfaceOrientationLandscapeRight";
				INFOPLIST_KEY_UISupportedInterfaceOrientations_iPhone = "UIInterfaceOrientationPortrait UIInterfaceOrientationLandscapeLeft UIInterfaceOrientationLandscapeRight";
				IPHONEOS_DEPLOYMENT_TARGET = 15.0;
				LD_RUNPATH_SEARCH_PATHS = (
					"$(inherited)",
					"@executable_path/Frameworks",
				);
				MARKETING_VERSION = 1.0;
				PRODUCT_BUNDLE_IDENTIFIER = com.cheshire0105.ThreadApp;
				PRODUCT_NAME = "$(TARGET_NAME)";
				SUPPORTED_PLATFORMS = "iphoneos iphonesimulator";
				SUPPORTS_MACCATALYST = NO;
				SUPPORTS_MAC_DESIGNED_FOR_IPHONE_IPAD = NO;
				SWIFT_EMIT_LOC_STRINGS = YES;
				SWIFT_VERSION = 5.0;
				TARGETED_DEVICE_FAMILY = 1;
			};
			name = Release;
		};
/* End XCBuildConfiguration section */

/* Begin XCConfigurationList section */
		FFD8F57D2A89C6F500A1EFC4 /* Build configuration list for PBXProject "ThreadApp" */ = {
			isa = XCConfigurationList;
			buildConfigurations = (
				FFD8F5942A89C6F700A1EFC4 /* Debug */,
				FFD8F5952A89C6F700A1EFC4 /* Release */,
			);
			defaultConfigurationIsVisible = 0;
			defaultConfigurationName = Release;
		};
		FFD8F5962A89C6F700A1EFC4 /* Build configuration list for PBXNativeTarget "ThreadApp" */ = {
			isa = XCConfigurationList;
			buildConfigurations = (
				FFD8F5972A89C6F700A1EFC4 /* Debug */,
				FFD8F5982A89C6F700A1EFC4 /* Release */,
			);
			defaultConfigurationIsVisible = 0;
			defaultConfigurationName = Release;
		};
/* End XCConfigurationList section */
	};
	rootObject = FFD8F57A2A89C6F500A1EFC4 /* Project object */;
}
